// !$*UTF8*$!
{
	archiveVersion = 1;
	classes = {
	};
	objectVersion = 56;
	objects = {

/* Begin PBXBuildFile section */
		0401CEC42955DAFF00A8B543 /* MTAppointmentCard.swift in Sources */ = {isa = PBXBuildFile; fileRef = 0401CEC32955DAFE00A8B543 /* MTAppointmentCard.swift */; };
		04124F182949EC58002F57E3 /* AwesomeNetwork in Frameworks */ = {isa = PBXBuildFile; productRef = 04124F172949EC58002F57E3 /* AwesomeNetwork */; };
		041F64A9295082B300B2DD1D /* Localizable.strings in Resources */ = {isa = PBXBuildFile; fileRef = 041F64AB295082B300B2DD1D /* Localizable.strings */; };
		043CA8622960626000AEEFA9 /* Double.swift in Sources */ = {isa = PBXBuildFile; fileRef = 043CA8612960626000AEEFA9 /* Double.swift */; };
		043E7E8B2948AD25005F4740 /* ColorExtensions.swift in Sources */ = {isa = PBXBuildFile; fileRef = 043E7E8A2948AD25005F4740 /* ColorExtensions.swift */; };
		043E7E8D2948E353005F4740 /* Country.swift in Sources */ = {isa = PBXBuildFile; fileRef = 043E7E8C2948E353005F4740 /* Country.swift */; };
		043E7E902948E5E5005F4740 /* ListOfCountries.swift in Sources */ = {isa = PBXBuildFile; fileRef = 043E7E8F2948E5E5005F4740 /* ListOfCountries.swift */; };
		044AA224294890EC00EA04B4 /* RoundedCorners.swift in Sources */ = {isa = PBXBuildFile; fileRef = 044AA223294890EC00EA04B4 /* RoundedCorners.swift */; };
		044BB5E529508AC900B48B79 /* Language.swift in Sources */ = {isa = PBXBuildFile; fileRef = 044BB5E429508AC900B48B79 /* Language.swift */; };
		044BB5E729508BF500B48B79 /* Strings+Localisation.swift in Sources */ = {isa = PBXBuildFile; fileRef = 044BB5E629508BF500B48B79 /* Strings+Localisation.swift */; };
		044BB5E929508F0F00B48B79 /* LocalizationService.swift in Sources */ = {isa = PBXBuildFile; fileRef = 044BB5E829508F0F00B48B79 /* LocalizationService.swift */; };
		0457D43A295C65B900145468 /* FirebaseConstants.swift in Sources */ = {isa = PBXBuildFile; fileRef = 0457D439295C65B900145468 /* FirebaseConstants.swift */; };
		0457D43C295C663000145468 /* ImageUploader.swift in Sources */ = {isa = PBXBuildFile; fileRef = 0457D43B295C663000145468 /* ImageUploader.swift */; };
		0457D446295C6D3B00145468 /* FirebaseAuth in Frameworks */ = {isa = PBXBuildFile; productRef = 0457D445295C6D3B00145468 /* FirebaseAuth */; };
		0457D448295C6D3B00145468 /* FirebaseFirestore in Frameworks */ = {isa = PBXBuildFile; productRef = 0457D447295C6D3B00145468 /* FirebaseFirestore */; };
		0457D44A295C6D3B00145468 /* FirebaseFirestoreSwift in Frameworks */ = {isa = PBXBuildFile; productRef = 0457D449295C6D3B00145468 /* FirebaseFirestoreSwift */; };
		0457D44C295C6D3B00145468 /* FirebaseStorage in Frameworks */ = {isa = PBXBuildFile; productRef = 0457D44B295C6D3B00145468 /* FirebaseStorage */; };
		0457D44E295C6D3B00145468 /* FirebaseStorageCombine-Community in Frameworks */ = {isa = PBXBuildFile; productRef = 0457D44D295C6D3B00145468 /* FirebaseStorageCombine-Community */; };
		045C1F042949A73F005F51F6 /* GlassButton.swift in Sources */ = {isa = PBXBuildFile; fileRef = 045C1F032949A73F005F51F6 /* GlassButton.swift */; };
		0462035C2949A85700A487CD /* BlurView.swift in Sources */ = {isa = PBXBuildFile; fileRef = 0462035B2949A85700A487CD /* BlurView.swift */; };
		04632E822951BFF900FAF966 /* CountryCard.swift in Sources */ = {isa = PBXBuildFile; fileRef = 04632E812951BFF900FAF966 /* CountryCard.swift */; };
		04632E842951C8A900FAF966 /* CountryModel.swift in Sources */ = {isa = PBXBuildFile; fileRef = 04632E832951C8A900FAF966 /* CountryModel.swift */; };
		046A9A8D2955B7B2003CE426 /* UserSectionView.swift in Sources */ = {isa = PBXBuildFile; fileRef = 046A9A8C2955B7B2003CE426 /* UserSectionView.swift */; };
		046ED3142951AFA00067A5A1 /* ListOfCountriesViewModel.swift in Sources */ = {isa = PBXBuildFile; fileRef = 046ED3132951AFA00067A5A1 /* ListOfCountriesViewModel.swift */; };
		0481B37E295C93290036326E /* ProfileModel.swift in Sources */ = {isa = PBXBuildFile; fileRef = 0481B37D295C93290036326E /* ProfileModel.swift */; };
		048BC4DC2953079200142AD9 /* Constants.swift in Sources */ = {isa = PBXBuildFile; fileRef = 048BC4DB2953079200142AD9 /* Constants.swift */; };
		048FC5A3295602580016F566 /* ProfileImageStorage.swift in Sources */ = {isa = PBXBuildFile; fileRef = 048FC5A2295602580016F566 /* ProfileImageStorage.swift */; };
		048FC5A5295602A30016F566 /* ImagePicker.swift in Sources */ = {isa = PBXBuildFile; fileRef = 048FC5A4295602A30016F566 /* ImagePicker.swift */; };
		048FC5A72956073A0016F566 /* MTGlassButton.swift in Sources */ = {isa = PBXBuildFile; fileRef = 048FC5A62956073A0016F566 /* MTGlassButton.swift */; };
		048FC5A929560B460016F566 /* ProfileButton.swift in Sources */ = {isa = PBXBuildFile; fileRef = 048FC5A829560B460016F566 /* ProfileButton.swift */; };
		048FC5AB29560E730016F566 /* ProfileImage.swift in Sources */ = {isa = PBXBuildFile; fileRef = 048FC5AA29560E730016F566 /* ProfileImage.swift */; };
		04A3365A2959AD200070D745 /* MTGeneralButton.swift in Sources */ = {isa = PBXBuildFile; fileRef = 04A336592959AD200070D745 /* MTGeneralButton.swift */; };
		04A3365C2959AF920070D745 /* MTAddButton.swift in Sources */ = {isa = PBXBuildFile; fileRef = 04A3365B2959AF920070D745 /* MTAddButton.swift */; };
		04A3365F2959C91C0070D745 /* ProfileContainer.xcdatamodeld in Sources */ = {isa = PBXBuildFile; fileRef = 04A3365D2959C91C0070D745 /* ProfileContainer.xcdatamodeld */; };
		04A336632959CBA00070D745 /* ProfileViewModel.swift in Sources */ = {isa = PBXBuildFile; fileRef = 04A336622959CBA00070D745 /* ProfileViewModel.swift */; };
		04A336652959E0EF0070D745 /* UserIntroScreen.swift in Sources */ = {isa = PBXBuildFile; fileRef = 04A336642959E0EF0070D745 /* UserIntroScreen.swift */; };
		04A336672959F2450070D745 /* UserDefault+extension.swift in Sources */ = {isa = PBXBuildFile; fileRef = 04A336662959F2450070D745 /* UserDefault+extension.swift */; };
		04C06E00295D8D71006D00E2 /* ProfileView.swift in Sources */ = {isa = PBXBuildFile; fileRef = 04C06DFF295D8D71006D00E2 /* ProfileView.swift */; };
		04CECAC32949D87B00A6E6F5 /* MTLineText.swift in Sources */ = {isa = PBXBuildFile; fileRef = 04CECAC22949D87B00A6E6F5 /* MTLineText.swift */; };
		04CECAC52949D93F00A6E6F5 /* MTSocialLoginButton.swift in Sources */ = {isa = PBXBuildFile; fileRef = 04CECAC42949D93F00A6E6F5 /* MTSocialLoginButton.swift */; };
		04CECAC82949E2C800A6E6F5 /* AwesomeToast in Frameworks */ = {isa = PBXBuildFile; productRef = 04CECAC72949E2C800A6E6F5 /* AwesomeToast */; };
		04D37BD82945F84700EEF926 /* Login.swift in Sources */ = {isa = PBXBuildFile; fileRef = 04D37BD72945F84700EEF926 /* Login.swift */; };
		04D5A7F42949CA9E00700097 /* MTButton.swift in Sources */ = {isa = PBXBuildFile; fileRef = 04D5A7F32949CA9E00700097 /* MTButton.swift */; };
		04D65C9A2955E538009DFD71 /* MTActivityCard.swift in Sources */ = {isa = PBXBuildFile; fileRef = 04D65C992955E538009DFD71 /* MTActivityCard.swift */; };
		04DC382B295A0011005F0710 /* CameraType.swift in Sources */ = {isa = PBXBuildFile; fileRef = 04DC382A295A0011005F0710 /* CameraType.swift */; };
		04DD544B2950CDA900372343 /* LanguageSheet.swift in Sources */ = {isa = PBXBuildFile; fileRef = 04DD544A2950CDA900372343 /* LanguageSheet.swift */; };
		04DD544D2950DDDD00372343 /* LanguageSelection.swift in Sources */ = {isa = PBXBuildFile; fileRef = 04DD544C2950DDDD00372343 /* LanguageSelection.swift */; };
		04DD544F2950DFC600372343 /* LanguageCard.swift in Sources */ = {isa = PBXBuildFile; fileRef = 04DD544E2950DFC600372343 /* LanguageCard.swift */; };
		04DF96EB29562E970084820D /* GoogleService-Info.plist in Resources */ = {isa = PBXBuildFile; fileRef = 04DF96EA29562E970084820D /* GoogleService-Info.plist */; };
		04E274E0295348D900707A46 /* FooterText.swift in Sources */ = {isa = PBXBuildFile; fileRef = 04E274DF295348D900707A46 /* FooterText.swift */; };
		04E8CBAB2955E88C00A4FD5C /* EditProfileView.swift in Sources */ = {isa = PBXBuildFile; fileRef = 04E8CBAA2955E88B00A4FD5C /* EditProfileView.swift */; };
		04EE705E294B891100A64D10 /* SplashScreen.swift in Sources */ = {isa = PBXBuildFile; fileRef = 04EE705D294B891100A64D10 /* SplashScreen.swift */; };
		04EE7061294B95D900A64D10 /* Lottie in Frameworks */ = {isa = PBXBuildFile; productRef = 04EE7060294B95D900A64D10 /* Lottie */; };
		04EE7063294B961900A64D10 /* LottieView.swift in Sources */ = {isa = PBXBuildFile; fileRef = 04EE7062294B961900A64D10 /* LottieView.swift */; };
		04EE7065294B964600A64D10 /* HeartLottie.json in Resources */ = {isa = PBXBuildFile; fileRef = 04EE7064294B964600A64D10 /* HeartLottie.json */; };
		04EE7068294BA67F00A64D10 /* AuthenticationView.swift in Sources */ = {isa = PBXBuildFile; fileRef = 04EE7067294BA67F00A64D10 /* AuthenticationView.swift */; };
		04F4CAE82955E2F300C6715A /* MTMedicationCard.swift in Sources */ = {isa = PBXBuildFile; fileRef = 04F4CAE72955E2F300C6715A /* MTMedicationCard.swift */; };
		04F7AC152945E1A000C6B479 /* MediTrackerApp.swift in Sources */ = {isa = PBXBuildFile; fileRef = 04F7AC142945E1A000C6B479 /* MediTrackerApp.swift */; };
		04F7AC172945E1A000C6B479 /* ContentView.swift in Sources */ = {isa = PBXBuildFile; fileRef = 04F7AC162945E1A000C6B479 /* ContentView.swift */; };
		04F7AC192945E1A400C6B479 /* Assets.xcassets in Resources */ = {isa = PBXBuildFile; fileRef = 04F7AC182945E1A400C6B479 /* Assets.xcassets */; };
		04F7AC1D2945E1A400C6B479 /* Preview Assets.xcassets in Resources */ = {isa = PBXBuildFile; fileRef = 04F7AC1C2945E1A400C6B479 /* Preview Assets.xcassets */; };
		04F7AC272945E2A800C6B479 /* Verification.swift in Sources */ = {isa = PBXBuildFile; fileRef = 04F7AC262945E2A800C6B479 /* Verification.swift */; };
		04F7AC2A2945E40800C6B479 /* OTPViewModel.swift in Sources */ = {isa = PBXBuildFile; fileRef = 04F7AC292945E40800C6B479 /* OTPViewModel.swift */; };
		FDE5DD9F294B5129007C4D32 /* HomeView.swift in Sources */ = {isa = PBXBuildFile; fileRef = FDE5DD9E294B5129007C4D32 /* HomeView.swift */; };
/* End PBXBuildFile section */

/* Begin PBXFileReference section */
		0401CEC32955DAFE00A8B543 /* MTAppointmentCard.swift */ = {isa = PBXFileReference; lastKnownFileType = sourcecode.swift; path = MTAppointmentCard.swift; sourceTree = "<group>"; };
		041F64AA295082B300B2DD1D /* hi */ = {isa = PBXFileReference; lastKnownFileType = text.plist.strings; name = hi; path = hi.lproj/Localizable.strings; sourceTree = "<group>"; };
		041F64AC295082E300B2DD1D /* en */ = {isa = PBXFileReference; lastKnownFileType = text.plist.strings; name = en; path = en.lproj/Localizable.strings; sourceTree = "<group>"; };
		043CA8612960626000AEEFA9 /* Double.swift */ = {isa = PBXFileReference; lastKnownFileType = sourcecode.swift; path = Double.swift; sourceTree = "<group>"; };
		043E7E8A2948AD25005F4740 /* ColorExtensions.swift */ = {isa = PBXFileReference; lastKnownFileType = sourcecode.swift; path = ColorExtensions.swift; sourceTree = "<group>"; };
		043E7E8C2948E353005F4740 /* Country.swift */ = {isa = PBXFileReference; lastKnownFileType = sourcecode.swift; path = Country.swift; sourceTree = "<group>"; };
		043E7E8F2948E5E5005F4740 /* ListOfCountries.swift */ = {isa = PBXFileReference; lastKnownFileType = sourcecode.swift; path = ListOfCountries.swift; sourceTree = "<group>"; };
		044AA223294890EC00EA04B4 /* RoundedCorners.swift */ = {isa = PBXFileReference; lastKnownFileType = sourcecode.swift; path = RoundedCorners.swift; sourceTree = "<group>"; };
		044BB5E429508AC900B48B79 /* Language.swift */ = {isa = PBXFileReference; lastKnownFileType = sourcecode.swift; path = Language.swift; sourceTree = "<group>"; };
		044BB5E629508BF500B48B79 /* Strings+Localisation.swift */ = {isa = PBXFileReference; lastKnownFileType = sourcecode.swift; path = "Strings+Localisation.swift"; sourceTree = "<group>"; };
		044BB5E829508F0F00B48B79 /* LocalizationService.swift */ = {isa = PBXFileReference; lastKnownFileType = sourcecode.swift; path = LocalizationService.swift; sourceTree = "<group>"; };
		0457D439295C65B900145468 /* FirebaseConstants.swift */ = {isa = PBXFileReference; lastKnownFileType = sourcecode.swift; path = FirebaseConstants.swift; sourceTree = "<group>"; };
		0457D43B295C663000145468 /* ImageUploader.swift */ = {isa = PBXFileReference; lastKnownFileType = sourcecode.swift; path = ImageUploader.swift; sourceTree = "<group>"; };
		045C1F032949A73F005F51F6 /* GlassButton.swift */ = {isa = PBXFileReference; lastKnownFileType = sourcecode.swift; path = GlassButton.swift; sourceTree = "<group>"; };
		0462035B2949A85700A487CD /* BlurView.swift */ = {isa = PBXFileReference; lastKnownFileType = sourcecode.swift; path = BlurView.swift; sourceTree = "<group>"; };
		04632E812951BFF900FAF966 /* CountryCard.swift */ = {isa = PBXFileReference; lastKnownFileType = sourcecode.swift; path = CountryCard.swift; sourceTree = "<group>"; };
		04632E832951C8A900FAF966 /* CountryModel.swift */ = {isa = PBXFileReference; lastKnownFileType = sourcecode.swift; path = CountryModel.swift; sourceTree = "<group>"; };
		046A9A8C2955B7B2003CE426 /* UserSectionView.swift */ = {isa = PBXFileReference; lastKnownFileType = sourcecode.swift; path = UserSectionView.swift; sourceTree = "<group>"; };
		046ED3132951AFA00067A5A1 /* ListOfCountriesViewModel.swift */ = {isa = PBXFileReference; lastKnownFileType = sourcecode.swift; path = ListOfCountriesViewModel.swift; sourceTree = "<group>"; };
		0481B37D295C93290036326E /* ProfileModel.swift */ = {isa = PBXFileReference; lastKnownFileType = sourcecode.swift; path = ProfileModel.swift; sourceTree = "<group>"; };
		048BC4DB2953079200142AD9 /* Constants.swift */ = {isa = PBXFileReference; lastKnownFileType = sourcecode.swift; path = Constants.swift; sourceTree = "<group>"; };
		048FC5A2295602580016F566 /* ProfileImageStorage.swift */ = {isa = PBXFileReference; lastKnownFileType = sourcecode.swift; path = ProfileImageStorage.swift; sourceTree = "<group>"; };
		048FC5A4295602A30016F566 /* ImagePicker.swift */ = {isa = PBXFileReference; lastKnownFileType = sourcecode.swift; path = ImagePicker.swift; sourceTree = "<group>"; };
		048FC5A62956073A0016F566 /* MTGlassButton.swift */ = {isa = PBXFileReference; lastKnownFileType = sourcecode.swift; path = MTGlassButton.swift; sourceTree = "<group>"; };
		048FC5A829560B460016F566 /* ProfileButton.swift */ = {isa = PBXFileReference; lastKnownFileType = sourcecode.swift; path = ProfileButton.swift; sourceTree = "<group>"; };
		048FC5AA29560E730016F566 /* ProfileImage.swift */ = {isa = PBXFileReference; lastKnownFileType = sourcecode.swift; path = ProfileImage.swift; sourceTree = "<group>"; };
		04A336592959AD200070D745 /* MTGeneralButton.swift */ = {isa = PBXFileReference; lastKnownFileType = sourcecode.swift; path = MTGeneralButton.swift; sourceTree = "<group>"; };
		04A3365B2959AF920070D745 /* MTAddButton.swift */ = {isa = PBXFileReference; lastKnownFileType = sourcecode.swift; path = MTAddButton.swift; sourceTree = "<group>"; };
		04A3365E2959C91C0070D745 /* ProfileContainer.xcdatamodel */ = {isa = PBXFileReference; lastKnownFileType = wrapper.xcdatamodel; path = ProfileContainer.xcdatamodel; sourceTree = "<group>"; };
		04A336622959CBA00070D745 /* ProfileViewModel.swift */ = {isa = PBXFileReference; lastKnownFileType = sourcecode.swift; path = ProfileViewModel.swift; sourceTree = "<group>"; };
		04A336642959E0EF0070D745 /* UserIntroScreen.swift */ = {isa = PBXFileReference; lastKnownFileType = sourcecode.swift; path = UserIntroScreen.swift; sourceTree = "<group>"; };
		04A336662959F2450070D745 /* UserDefault+extension.swift */ = {isa = PBXFileReference; lastKnownFileType = sourcecode.swift; path = "UserDefault+extension.swift"; sourceTree = "<group>"; };
		04C06DFF295D8D71006D00E2 /* ProfileView.swift */ = {isa = PBXFileReference; lastKnownFileType = sourcecode.swift; path = ProfileView.swift; sourceTree = "<group>"; };
		04CECAC22949D87B00A6E6F5 /* MTLineText.swift */ = {isa = PBXFileReference; lastKnownFileType = sourcecode.swift; path = MTLineText.swift; sourceTree = "<group>"; };
		04CECAC42949D93F00A6E6F5 /* MTSocialLoginButton.swift */ = {isa = PBXFileReference; lastKnownFileType = sourcecode.swift; path = MTSocialLoginButton.swift; sourceTree = "<group>"; };
		04D37BD72945F84700EEF926 /* Login.swift */ = {isa = PBXFileReference; lastKnownFileType = sourcecode.swift; path = Login.swift; sourceTree = "<group>"; };
		04D5A7F32949CA9E00700097 /* MTButton.swift */ = {isa = PBXFileReference; lastKnownFileType = sourcecode.swift; path = MTButton.swift; sourceTree = "<group>"; };
		04D65C992955E538009DFD71 /* MTActivityCard.swift */ = {isa = PBXFileReference; lastKnownFileType = sourcecode.swift; path = MTActivityCard.swift; sourceTree = "<group>"; };
		04D7F3F22945F1CC006C96E7 /* Info.plist */ = {isa = PBXFileReference; lastKnownFileType = text.plist; path = Info.plist; sourceTree = "<group>"; };
		04DC382A295A0011005F0710 /* CameraType.swift */ = {isa = PBXFileReference; lastKnownFileType = sourcecode.swift; path = CameraType.swift; sourceTree = "<group>"; };
		04DD544A2950CDA900372343 /* LanguageSheet.swift */ = {isa = PBXFileReference; lastKnownFileType = sourcecode.swift; path = LanguageSheet.swift; sourceTree = "<group>"; };
		04DD544C2950DDDD00372343 /* LanguageSelection.swift */ = {isa = PBXFileReference; lastKnownFileType = sourcecode.swift; path = LanguageSelection.swift; sourceTree = "<group>"; };
		04DD544E2950DFC600372343 /* LanguageCard.swift */ = {isa = PBXFileReference; lastKnownFileType = sourcecode.swift; path = LanguageCard.swift; sourceTree = "<group>"; };
		04DF96EA29562E970084820D /* GoogleService-Info.plist */ = {isa = PBXFileReference; fileEncoding = 4; lastKnownFileType = text.plist.xml; path = "GoogleService-Info.plist"; sourceTree = "<group>"; };
		04E274DF295348D900707A46 /* FooterText.swift */ = {isa = PBXFileReference; lastKnownFileType = sourcecode.swift; path = FooterText.swift; sourceTree = "<group>"; };
		04E8CBAA2955E88B00A4FD5C /* EditProfileView.swift */ = {isa = PBXFileReference; lastKnownFileType = sourcecode.swift; path = EditProfileView.swift; sourceTree = "<group>"; };
		04EE705D294B891100A64D10 /* SplashScreen.swift */ = {isa = PBXFileReference; lastKnownFileType = sourcecode.swift; path = SplashScreen.swift; sourceTree = "<group>"; };
		04EE7062294B961900A64D10 /* LottieView.swift */ = {isa = PBXFileReference; lastKnownFileType = sourcecode.swift; path = LottieView.swift; sourceTree = "<group>"; };
		04EE7064294B964600A64D10 /* HeartLottie.json */ = {isa = PBXFileReference; fileEncoding = 4; lastKnownFileType = text.json; path = HeartLottie.json; sourceTree = "<group>"; };
		04EE7067294BA67F00A64D10 /* AuthenticationView.swift */ = {isa = PBXFileReference; lastKnownFileType = sourcecode.swift; path = AuthenticationView.swift; sourceTree = "<group>"; };
		04F4CAE72955E2F300C6715A /* MTMedicationCard.swift */ = {isa = PBXFileReference; lastKnownFileType = sourcecode.swift; path = MTMedicationCard.swift; sourceTree = "<group>"; };
		04F7AC112945E19F00C6B479 /* MediTracker.app */ = {isa = PBXFileReference; explicitFileType = wrapper.application; includeInIndex = 0; path = MediTracker.app; sourceTree = BUILT_PRODUCTS_DIR; };
		04F7AC142945E1A000C6B479 /* MediTrackerApp.swift */ = {isa = PBXFileReference; lastKnownFileType = sourcecode.swift; path = MediTrackerApp.swift; sourceTree = "<group>"; };
		04F7AC162945E1A000C6B479 /* ContentView.swift */ = {isa = PBXFileReference; lastKnownFileType = sourcecode.swift; path = ContentView.swift; sourceTree = "<group>"; };
		04F7AC182945E1A400C6B479 /* Assets.xcassets */ = {isa = PBXFileReference; lastKnownFileType = folder.assetcatalog; path = Assets.xcassets; sourceTree = "<group>"; };
		04F7AC1A2945E1A400C6B479 /* MediTracker.entitlements */ = {isa = PBXFileReference; lastKnownFileType = text.plist.entitlements; path = MediTracker.entitlements; sourceTree = "<group>"; };
		04F7AC1C2945E1A400C6B479 /* Preview Assets.xcassets */ = {isa = PBXFileReference; lastKnownFileType = folder.assetcatalog; path = "Preview Assets.xcassets"; sourceTree = "<group>"; };
		04F7AC262945E2A800C6B479 /* Verification.swift */ = {isa = PBXFileReference; lastKnownFileType = sourcecode.swift; path = Verification.swift; sourceTree = "<group>"; };
		04F7AC292945E40800C6B479 /* OTPViewModel.swift */ = {isa = PBXFileReference; lastKnownFileType = sourcecode.swift; path = OTPViewModel.swift; sourceTree = "<group>"; };
		FDE5DD9E294B5129007C4D32 /* HomeView.swift */ = {isa = PBXFileReference; lastKnownFileType = sourcecode.swift; path = HomeView.swift; sourceTree = "<group>"; };
/* End PBXFileReference section */

/* Begin PBXFrameworksBuildPhase section */
		04F7AC0E2945E19F00C6B479 /* Frameworks */ = {
			isa = PBXFrameworksBuildPhase;
			buildActionMask = 2147483647;
			files = (
				04CECAC82949E2C800A6E6F5 /* AwesomeToast in Frameworks */,
				04124F182949EC58002F57E3 /* AwesomeNetwork in Frameworks */,
				0457D44E295C6D3B00145468 /* FirebaseStorageCombine-Community in Frameworks */,
				04EE7061294B95D900A64D10 /* Lottie in Frameworks */,
				0457D448295C6D3B00145468 /* FirebaseFirestore in Frameworks */,
				0457D44C295C6D3B00145468 /* FirebaseStorage in Frameworks */,
				0457D446295C6D3B00145468 /* FirebaseAuth in Frameworks */,
				0457D44A295C6D3B00145468 /* FirebaseFirestoreSwift in Frameworks */,
			);
			runOnlyForDeploymentPostprocessing = 0;
		};
/* End PBXFrameworksBuildPhase section */

/* Begin PBXGroup section */
		04122D312948606900B3760B /* Model */ = {
			isa = PBXGroup;
			children = (
				043E7E8C2948E353005F4740 /* Country.swift */,
				04632E832951C8A900FAF966 /* CountryModel.swift */,
				04A3365D2959C91C0070D745 /* ProfileContainer.xcdatamodeld */,
			);
			path = Model;
			sourceTree = "<group>";
		};
		041F64A62950823A00B2DD1D /* Localization */ = {
			isa = PBXGroup;
			children = (
				046ED31229519D820067A5A1 /* Item */,
				046ED30F29519D050067A5A1 /* Model */,
				046ED31029519D0C0067A5A1 /* View */,
				046ED31129519D110067A5A1 /* Services */,
				041F64AB295082B300B2DD1D /* Localizable.strings */,
			);
			path = Localization;
			sourceTree = "<group>";
		};
		043E7E892948AD00005F4740 /* Extensions */ = {
			isa = PBXGroup;
			children = (
				043E7E8A2948AD25005F4740 /* ColorExtensions.swift */,
				04A336662959F2450070D745 /* UserDefault+extension.swift */,
				043CA8612960626000AEEFA9 /* Double.swift */,
			);
			path = Extensions;
			sourceTree = "<group>";
		};
		043E7E8E2948E5C9005F4740 /* Item */ = {
			isa = PBXGroup;
			children = (
				04D5A7F32949CA9E00700097 /* MTButton.swift */,
				04CECAC22949D87B00A6E6F5 /* MTLineText.swift */,
				04CECAC42949D93F00A6E6F5 /* MTSocialLoginButton.swift */,
				04632E812951BFF900FAF966 /* CountryCard.swift */,
				04E274DF295348D900707A46 /* FooterText.swift */,
				0401CEC32955DAFE00A8B543 /* MTAppointmentCard.swift */,
				04F4CAE72955E2F300C6715A /* MTMedicationCard.swift */,
				04D65C992955E538009DFD71 /* MTActivityCard.swift */,
				048FC5A62956073A0016F566 /* MTGlassButton.swift */,
				04A336592959AD200070D745 /* MTGeneralButton.swift */,
				04A3365B2959AF920070D745 /* MTAddButton.swift */,
			);
			path = Item;
			sourceTree = "<group>";
		};
		044AA221294890CF00EA04B4 /* Utils */ = {
			isa = PBXGroup;
			children = (
				048FC5A1295602300016F566 /* Helpers */,
				044AA222294890D800EA04B4 /* Shapes */,
				0462035B2949A85700A487CD /* BlurView.swift */,
				048BC4DB2953079200142AD9 /* Constants.swift */,
				0457D439295C65B900145468 /* FirebaseConstants.swift */,
			);
			path = Utils;
			sourceTree = "<group>";
		};
		044AA222294890D800EA04B4 /* Shapes */ = {
			isa = PBXGroup;
			children = (
				044AA223294890EC00EA04B4 /* RoundedCorners.swift */,
			);
			path = Shapes;
			sourceTree = "<group>";
		};
		046A9A892955B753003CE426 /* HomeView */ = {
			isa = PBXGroup;
			children = (
				046A9A8A2955B773003CE426 /* View */,
				046A9A8B2955B778003CE426 /* ViewModel */,
			);
			path = HomeView;
			sourceTree = "<group>";
		};
		046A9A8A2955B773003CE426 /* View */ = {
			isa = PBXGroup;
			children = (
				FDE5DD9E294B5129007C4D32 /* HomeView.swift */,
				046A9A8C2955B7B2003CE426 /* UserSectionView.swift */,
			);
			path = View;
			sourceTree = "<group>";
		};
		046A9A8B2955B778003CE426 /* ViewModel */ = {
			isa = PBXGroup;
			children = (
			);
			path = ViewModel;
			sourceTree = "<group>";
		};
		046ED30F29519D050067A5A1 /* Model */ = {
			isa = PBXGroup;
			children = (
				044BB5E429508AC900B48B79 /* Language.swift */,
				04DD544C2950DDDD00372343 /* LanguageSelection.swift */,
			);
			path = Model;
			sourceTree = "<group>";
		};
		046ED31029519D0C0067A5A1 /* View */ = {
			isa = PBXGroup;
			children = (
				04DD544A2950CDA900372343 /* LanguageSheet.swift */,
			);
			path = View;
			sourceTree = "<group>";
		};
		046ED31129519D110067A5A1 /* Services */ = {
			isa = PBXGroup;
			children = (
				044BB5E829508F0F00B48B79 /* LocalizationService.swift */,
				044BB5E629508BF500B48B79 /* Strings+Localisation.swift */,
			);
			path = Services;
			sourceTree = "<group>";
		};
		046ED31229519D820067A5A1 /* Item */ = {
			isa = PBXGroup;
			children = (
				045C1F032949A73F005F51F6 /* GlassButton.swift */,
				04DD544E2950DFC600372343 /* LanguageCard.swift */,
			);
			path = Item;
			sourceTree = "<group>";
		};
		0481B37C295C93050036326E /* Model */ = {
			isa = PBXGroup;
			children = (
				0481B37D295C93290036326E /* ProfileModel.swift */,
			);
			path = Model;
			sourceTree = "<group>";
		};
		048FC5A1295602300016F566 /* Helpers */ = {
			isa = PBXGroup;
			children = (
				048FC5A2295602580016F566 /* ProfileImageStorage.swift */,
				048FC5A4295602A30016F566 /* ImagePicker.swift */,
				04DC382A295A0011005F0710 /* CameraType.swift */,
				0457D43B295C663000145468 /* ImageUploader.swift */,
			);
			path = Helpers;
			sourceTree = "<group>";
		};
		04A336602959CB690070D745 /* ViewModel */ = {
			isa = PBXGroup;
			children = (
				04A336622959CBA00070D745 /* ProfileViewModel.swift */,
			);
			path = ViewModel;
			sourceTree = "<group>";
		};
		04A336612959CB700070D745 /* View */ = {
			isa = PBXGroup;
			children = (
				04A336642959E0EF0070D745 /* UserIntroScreen.swift */,
				04E8CBAA2955E88B00A4FD5C /* EditProfileView.swift */,
				048FC5A829560B460016F566 /* ProfileButton.swift */,
				048FC5AA29560E730016F566 /* ProfileImage.swift */,
				04C06DFF295D8D71006D00E2 /* ProfileView.swift */,
			);
			path = View;
			sourceTree = "<group>";
		};
		04A336692959FE060070D745 /* View */ = {
			isa = PBXGroup;
			children = (
				04EE7067294BA67F00A64D10 /* AuthenticationView.swift */,
				04F7AC262945E2A800C6B479 /* Verification.swift */,
				04D37BD72945F84700EEF926 /* Login.swift */,
				043E7E8F2948E5E5005F4740 /* ListOfCountries.swift */,
			);
			path = View;
			sourceTree = "<group>";
		};
		04E8CBA92955E86E00A4FD5C /* ProfileView */ = {
			isa = PBXGroup;
			children = (
				0481B37C295C93050036326E /* Model */,
				04A336612959CB700070D745 /* View */,
				04A336602959CB690070D745 /* ViewModel */,
			);
			path = ProfileView;
			sourceTree = "<group>";
		};
		04EE7066294BA53300A64D10 /* Lottie */ = {
			isa = PBXGroup;
			children = (
				04EE7062294B961900A64D10 /* LottieView.swift */,
				04EE7064294B964600A64D10 /* HeartLottie.json */,
			);
			path = Lottie;
			sourceTree = "<group>";
		};
		04EE7069294BB73900A64D10 /* Authentication */ = {
			isa = PBXGroup;
			children = (
				04A336692959FE060070D745 /* View */,
				04F7AC282945E3EC00C6B479 /* ViewModel */,
			);
			path = Authentication;
			sourceTree = "<group>";
		};
		04F7AC082945E19F00C6B479 = {
			isa = PBXGroup;
			children = (
				04F7AC132945E19F00C6B479 /* MediTracker */,
				04F7AC122945E19F00C6B479 /* Products */,
			);
			sourceTree = "<group>";
		};
		04F7AC122945E19F00C6B479 /* Products */ = {
			isa = PBXGroup;
			children = (
				04F7AC112945E19F00C6B479 /* MediTracker.app */,
			);
			name = Products;
			sourceTree = "<group>";
		};
		04F7AC132945E19F00C6B479 /* MediTracker */ = {
			isa = PBXGroup;
			children = (
				04D7F3F22945F1CC006C96E7 /* Info.plist */,
				041F64A62950823A00B2DD1D /* Localization */,
				04EE7066294BA53300A64D10 /* Lottie */,
				044AA221294890CF00EA04B4 /* Utils */,
				043E7E892948AD00005F4740 /* Extensions */,
				043E7E8E2948E5C9005F4740 /* Item */,
				04122D312948606900B3760B /* Model */,
				04F7AC232945E26300C6B479 /* Core */,
				04F7AC142945E1A000C6B479 /* MediTrackerApp.swift */,
				04F7AC162945E1A000C6B479 /* ContentView.swift */,
				04F7AC182945E1A400C6B479 /* Assets.xcassets */,
				04F7AC1A2945E1A400C6B479 /* MediTracker.entitlements */,
				04DF96EA29562E970084820D /* GoogleService-Info.plist */,
				04F7AC1B2945E1A400C6B479 /* Preview Content */,
			);
			path = MediTracker;
			sourceTree = "<group>";
		};
		04F7AC1B2945E1A400C6B479 /* Preview Content */ = {
			isa = PBXGroup;
			children = (
				04F7AC1C2945E1A400C6B479 /* Preview Assets.xcassets */,
			);
			path = "Preview Content";
			sourceTree = "<group>";
		};
		04F7AC232945E26300C6B479 /* Core */ = {
			isa = PBXGroup;
			children = (
				04EE7069294BB73900A64D10 /* Authentication */,
				046A9A892955B753003CE426 /* HomeView */,
				04E8CBA92955E86E00A4FD5C /* ProfileView */,
				04EE705D294B891100A64D10 /* SplashScreen.swift */,
			);
			path = Core;
			sourceTree = "<group>";
		};
		04F7AC282945E3EC00C6B479 /* ViewModel */ = {
			isa = PBXGroup;
			children = (
				04F7AC292945E40800C6B479 /* OTPViewModel.swift */,
				046ED3132951AFA00067A5A1 /* ListOfCountriesViewModel.swift */,
			);
			path = ViewModel;
			sourceTree = "<group>";
		};
/* End PBXGroup section */

/* Begin PBXNativeTarget section */
		04F7AC102945E19F00C6B479 /* MediTracker */ = {
			isa = PBXNativeTarget;
			buildConfigurationList = 04F7AC202945E1A400C6B479 /* Build configuration list for PBXNativeTarget "MediTracker" */;
			buildPhases = (
				04F7AC0D2945E19F00C6B479 /* Sources */,
				04F7AC0E2945E19F00C6B479 /* Frameworks */,
				04F7AC0F2945E19F00C6B479 /* Resources */,
			);
			buildRules = (
			);
			dependencies = (
			);
			name = MediTracker;
			packageProductDependencies = (
				04CECAC72949E2C800A6E6F5 /* AwesomeToast */,
				04124F172949EC58002F57E3 /* AwesomeNetwork */,
				04EE7060294B95D900A64D10 /* Lottie */,
				0457D445295C6D3B00145468 /* FirebaseAuth */,
				0457D447295C6D3B00145468 /* FirebaseFirestore */,
				0457D449295C6D3B00145468 /* FirebaseFirestoreSwift */,
				0457D44B295C6D3B00145468 /* FirebaseStorage */,
				0457D44D295C6D3B00145468 /* FirebaseStorageCombine-Community */,
			);
			productName = MediTracker;
			productReference = 04F7AC112945E19F00C6B479 /* MediTracker.app */;
			productType = "com.apple.product-type.application";
		};
/* End PBXNativeTarget section */

/* Begin PBXProject section */
		04F7AC092945E19F00C6B479 /* Project object */ = {
			isa = PBXProject;
			attributes = {
				BuildIndependentTargetsInParallel = 1;
				LastSwiftUpdateCheck = 1410;
				LastUpgradeCheck = 1420;
				TargetAttributes = {
					04F7AC102945E19F00C6B479 = {
						CreatedOnToolsVersion = 14.1;
					};
				};
			};
			buildConfigurationList = 04F7AC0C2945E19F00C6B479 /* Build configuration list for PBXProject "MediTracker" */;
			compatibilityVersion = "Xcode 14.0";
			developmentRegion = en;
			hasScannedForEncodings = 0;
			knownRegions = (
				en,
				Base,
				hi,
			);
			mainGroup = 04F7AC082945E19F00C6B479;
			packageReferences = (
				04CECAC62949E2C800A6E6F5 /* XCRemoteSwiftPackageReference "AwesomeToastPackage" */,
				04124F162949EC58002F57E3 /* XCRemoteSwiftPackageReference "AwesomeNetworkPackage" */,
				04EE705F294B95D800A64D10 /* XCRemoteSwiftPackageReference "lottie-ios" */,
				0457D444295C6D3B00145468 /* XCRemoteSwiftPackageReference "firebase-ios-sdk" */,
			);
			productRefGroup = 04F7AC122945E19F00C6B479 /* Products */;
			projectDirPath = "";
			projectRoot = "";
			targets = (
				04F7AC102945E19F00C6B479 /* MediTracker */,
			);
		};
/* End PBXProject section */

/* Begin PBXResourcesBuildPhase section */
		04F7AC0F2945E19F00C6B479 /* Resources */ = {
			isa = PBXResourcesBuildPhase;
			buildActionMask = 2147483647;
			files = (
				041F64A9295082B300B2DD1D /* Localizable.strings in Resources */,
				04F7AC1D2945E1A400C6B479 /* Preview Assets.xcassets in Resources */,
				04DF96EB29562E970084820D /* GoogleService-Info.plist in Resources */,
				04EE7065294B964600A64D10 /* HeartLottie.json in Resources */,
				04F7AC192945E1A400C6B479 /* Assets.xcassets in Resources */,
			);
			runOnlyForDeploymentPostprocessing = 0;
		};
/* End PBXResourcesBuildPhase section */

/* Begin PBXSourcesBuildPhase section */
		04F7AC0D2945E19F00C6B479 /* Sources */ = {
			isa = PBXSourcesBuildPhase;
			buildActionMask = 2147483647;
			files = (
				04DD544F2950DFC600372343 /* LanguageCard.swift in Sources */,
				04DD544D2950DDDD00372343 /* LanguageSelection.swift in Sources */,
				046ED3142951AFA00067A5A1 /* ListOfCountriesViewModel.swift in Sources */,
				04F7AC2A2945E40800C6B479 /* OTPViewModel.swift in Sources */,
				04A3365C2959AF920070D745 /* MTAddButton.swift in Sources */,
				044BB5E929508F0F00B48B79 /* LocalizationService.swift in Sources */,
				04EE7063294B961900A64D10 /* LottieView.swift in Sources */,
				048FC5A72956073A0016F566 /* MTGlassButton.swift in Sources */,
				04DC382B295A0011005F0710 /* CameraType.swift in Sources */,
				04CECAC52949D93F00A6E6F5 /* MTSocialLoginButton.swift in Sources */,
				04D37BD82945F84700EEF926 /* Login.swift in Sources */,
				FDE5DD9F294B5129007C4D32 /* HomeView.swift in Sources */,
				04F4CAE82955E2F300C6715A /* MTMedicationCard.swift in Sources */,
				044BB5E529508AC900B48B79 /* Language.swift in Sources */,
				043E7E902948E5E5005F4740 /* ListOfCountries.swift in Sources */,
				048BC4DC2953079200142AD9 /* Constants.swift in Sources */,
				04F7AC272945E2A800C6B479 /* Verification.swift in Sources */,
				0462035C2949A85700A487CD /* BlurView.swift in Sources */,
				048FC5AB29560E730016F566 /* ProfileImage.swift in Sources */,
				0401CEC42955DAFF00A8B543 /* MTAppointmentCard.swift in Sources */,
				04A3365F2959C91C0070D745 /* ProfileContainer.xcdatamodeld in Sources */,
				043E7E8D2948E353005F4740 /* Country.swift in Sources */,
				04EE705E294B891100A64D10 /* SplashScreen.swift in Sources */,
				04F7AC172945E1A000C6B479 /* ContentView.swift in Sources */,
				04DD544B2950CDA900372343 /* LanguageSheet.swift in Sources */,
				044BB5E729508BF500B48B79 /* Strings+Localisation.swift in Sources */,
				04A3365A2959AD200070D745 /* MTGeneralButton.swift in Sources */,
				048FC5A5295602A30016F566 /* ImagePicker.swift in Sources */,
				048FC5A929560B460016F566 /* ProfileButton.swift in Sources */,
				0457D43C295C663000145468 /* ImageUploader.swift in Sources */,
				04A336632959CBA00070D745 /* ProfileViewModel.swift in Sources */,
				04C06E00295D8D71006D00E2 /* ProfileView.swift in Sources */,
				04D5A7F42949CA9E00700097 /* MTButton.swift in Sources */,
				04A336672959F2450070D745 /* UserDefault+extension.swift in Sources */,
				043CA8622960626000AEEFA9 /* Double.swift in Sources */,
				044AA224294890EC00EA04B4 /* RoundedCorners.swift in Sources */,
				046A9A8D2955B7B2003CE426 /* UserSectionView.swift in Sources */,
				04632E842951C8A900FAF966 /* CountryModel.swift in Sources */,
				0481B37E295C93290036326E /* ProfileModel.swift in Sources */,
				04CECAC32949D87B00A6E6F5 /* MTLineText.swift in Sources */,
				04E8CBAB2955E88C00A4FD5C /* EditProfileView.swift in Sources */,
				04EE7068294BA67F00A64D10 /* AuthenticationView.swift in Sources */,
				04E274E0295348D900707A46 /* FooterText.swift in Sources */,
				04F7AC152945E1A000C6B479 /* MediTrackerApp.swift in Sources */,
				045C1F042949A73F005F51F6 /* GlassButton.swift in Sources */,
				0457D43A295C65B900145468 /* FirebaseConstants.swift in Sources */,
				048FC5A3295602580016F566 /* ProfileImageStorage.swift in Sources */,
				04632E822951BFF900FAF966 /* CountryCard.swift in Sources */,
				04D65C9A2955E538009DFD71 /* MTActivityCard.swift in Sources */,
				043E7E8B2948AD25005F4740 /* ColorExtensions.swift in Sources */,
				04A336652959E0EF0070D745 /* UserIntroScreen.swift in Sources */,
			);
			runOnlyForDeploymentPostprocessing = 0;
		};
/* End PBXSourcesBuildPhase section */

/* Begin PBXVariantGroup section */
		041F64AB295082B300B2DD1D /* Localizable.strings */ = {
			isa = PBXVariantGroup;
			children = (
				041F64AA295082B300B2DD1D /* hi */,
				041F64AC295082E300B2DD1D /* en */,
			);
			name = Localizable.strings;
			sourceTree = "<group>";
		};
/* End PBXVariantGroup section */

/* Begin XCBuildConfiguration section */
		04F7AC1E2945E1A400C6B479 /* Debug */ = {
			isa = XCBuildConfiguration;
			buildSettings = {
				ALWAYS_SEARCH_USER_PATHS = NO;
				CLANG_ANALYZER_NONNULL = YES;
				CLANG_ANALYZER_NUMBER_OBJECT_CONVERSION = YES_AGGRESSIVE;
				CLANG_CXX_LANGUAGE_STANDARD = "gnu++20";
				CLANG_ENABLE_MODULES = YES;
				CLANG_ENABLE_OBJC_ARC = YES;
				CLANG_ENABLE_OBJC_WEAK = YES;
				CLANG_WARN_BLOCK_CAPTURE_AUTORELEASING = YES;
				CLANG_WARN_BOOL_CONVERSION = YES;
				CLANG_WARN_COMMA = YES;
				CLANG_WARN_CONSTANT_CONVERSION = YES;
				CLANG_WARN_DEPRECATED_OBJC_IMPLEMENTATIONS = YES;
				CLANG_WARN_DIRECT_OBJC_ISA_USAGE = YES_ERROR;
				CLANG_WARN_DOCUMENTATION_COMMENTS = YES;
				CLANG_WARN_EMPTY_BODY = YES;
				CLANG_WARN_ENUM_CONVERSION = YES;
				CLANG_WARN_INFINITE_RECURSION = YES;
				CLANG_WARN_INT_CONVERSION = YES;
				CLANG_WARN_NON_LITERAL_NULL_CONVERSION = YES;
				CLANG_WARN_OBJC_IMPLICIT_RETAIN_SELF = YES;
				CLANG_WARN_OBJC_LITERAL_CONVERSION = YES;
				CLANG_WARN_OBJC_ROOT_CLASS = YES_ERROR;
				CLANG_WARN_QUOTED_INCLUDE_IN_FRAMEWORK_HEADER = YES;
				CLANG_WARN_RANGE_LOOP_ANALYSIS = YES;
				CLANG_WARN_STRICT_PROTOTYPES = YES;
				CLANG_WARN_SUSPICIOUS_MOVE = YES;
				CLANG_WARN_UNGUARDED_AVAILABILITY = YES_AGGRESSIVE;
				CLANG_WARN_UNREACHABLE_CODE = YES;
				CLANG_WARN__DUPLICATE_METHOD_MATCH = YES;
				COPY_PHASE_STRIP = NO;
				DEAD_CODE_STRIPPING = YES;
				DEBUG_INFORMATION_FORMAT = dwarf;
				ENABLE_STRICT_OBJC_MSGSEND = YES;
				ENABLE_TESTABILITY = YES;
				GCC_C_LANGUAGE_STANDARD = gnu11;
				GCC_DYNAMIC_NO_PIC = NO;
				GCC_NO_COMMON_BLOCKS = YES;
				GCC_OPTIMIZATION_LEVEL = 0;
				GCC_PREPROCESSOR_DEFINITIONS = (
					"DEBUG=1",
					"$(inherited)",
				);
				GCC_WARN_64_TO_32_BIT_CONVERSION = YES;
				GCC_WARN_ABOUT_RETURN_TYPE = YES_ERROR;
				GCC_WARN_UNDECLARED_SELECTOR = YES;
				GCC_WARN_UNINITIALIZED_AUTOS = YES_AGGRESSIVE;
				GCC_WARN_UNUSED_FUNCTION = YES;
				GCC_WARN_UNUSED_VARIABLE = YES;
				MTL_ENABLE_DEBUG_INFO = INCLUDE_SOURCE;
				MTL_FAST_MATH = YES;
				ONLY_ACTIVE_ARCH = YES;
				SWIFT_ACTIVE_COMPILATION_CONDITIONS = DEBUG;
				SWIFT_OPTIMIZATION_LEVEL = "-Onone";
			};
			name = Debug;
		};
		04F7AC1F2945E1A400C6B479 /* Release */ = {
			isa = XCBuildConfiguration;
			buildSettings = {
				ALWAYS_SEARCH_USER_PATHS = NO;
				CLANG_ANALYZER_NONNULL = YES;
				CLANG_ANALYZER_NUMBER_OBJECT_CONVERSION = YES_AGGRESSIVE;
				CLANG_CXX_LANGUAGE_STANDARD = "gnu++20";
				CLANG_ENABLE_MODULES = YES;
				CLANG_ENABLE_OBJC_ARC = YES;
				CLANG_ENABLE_OBJC_WEAK = YES;
				CLANG_WARN_BLOCK_CAPTURE_AUTORELEASING = YES;
				CLANG_WARN_BOOL_CONVERSION = YES;
				CLANG_WARN_COMMA = YES;
				CLANG_WARN_CONSTANT_CONVERSION = YES;
				CLANG_WARN_DEPRECATED_OBJC_IMPLEMENTATIONS = YES;
				CLANG_WARN_DIRECT_OBJC_ISA_USAGE = YES_ERROR;
				CLANG_WARN_DOCUMENTATION_COMMENTS = YES;
				CLANG_WARN_EMPTY_BODY = YES;
				CLANG_WARN_ENUM_CONVERSION = YES;
				CLANG_WARN_INFINITE_RECURSION = YES;
				CLANG_WARN_INT_CONVERSION = YES;
				CLANG_WARN_NON_LITERAL_NULL_CONVERSION = YES;
				CLANG_WARN_OBJC_IMPLICIT_RETAIN_SELF = YES;
				CLANG_WARN_OBJC_LITERAL_CONVERSION = YES;
				CLANG_WARN_OBJC_ROOT_CLASS = YES_ERROR;
				CLANG_WARN_QUOTED_INCLUDE_IN_FRAMEWORK_HEADER = YES;
				CLANG_WARN_RANGE_LOOP_ANALYSIS = YES;
				CLANG_WARN_STRICT_PROTOTYPES = YES;
				CLANG_WARN_SUSPICIOUS_MOVE = YES;
				CLANG_WARN_UNGUARDED_AVAILABILITY = YES_AGGRESSIVE;
				CLANG_WARN_UNREACHABLE_CODE = YES;
				CLANG_WARN__DUPLICATE_METHOD_MATCH = YES;
				COPY_PHASE_STRIP = NO;
				DEAD_CODE_STRIPPING = YES;
				DEBUG_INFORMATION_FORMAT = "dwarf-with-dsym";
				ENABLE_NS_ASSERTIONS = NO;
				ENABLE_STRICT_OBJC_MSGSEND = YES;
				GCC_C_LANGUAGE_STANDARD = gnu11;
				GCC_NO_COMMON_BLOCKS = YES;
				GCC_WARN_64_TO_32_BIT_CONVERSION = YES;
				GCC_WARN_ABOUT_RETURN_TYPE = YES_ERROR;
				GCC_WARN_UNDECLARED_SELECTOR = YES;
				GCC_WARN_UNINITIALIZED_AUTOS = YES_AGGRESSIVE;
				GCC_WARN_UNUSED_FUNCTION = YES;
				GCC_WARN_UNUSED_VARIABLE = YES;
				MTL_ENABLE_DEBUG_INFO = NO;
				MTL_FAST_MATH = YES;
				SWIFT_COMPILATION_MODE = wholemodule;
				SWIFT_OPTIMIZATION_LEVEL = "-O";
			};
			name = Release;
		};
		04F7AC212945E1A400C6B479 /* Debug */ = {
			isa = XCBuildConfiguration;
			buildSettings = {
				ASSETCATALOG_COMPILER_APPICON_NAME = AppIcon;
				ASSETCATALOG_COMPILER_GLOBAL_ACCENT_COLOR_NAME = AccentColor;
				CODE_SIGN_ENTITLEMENTS = MediTracker/MediTracker.entitlements;
				CODE_SIGN_IDENTITY = "Apple Development";
				CODE_SIGN_STYLE = Automatic;
				CURRENT_PROJECT_VERSION = 1;
				DEAD_CODE_STRIPPING = YES;
				DEVELOPMENT_ASSET_PATHS = "\"MediTracker/Preview Content\"";
				DEVELOPMENT_TEAM = YHZVJQ792Q;
				ENABLE_HARDENED_RUNTIME = YES;
				ENABLE_PREVIEWS = YES;
				GENERATE_INFOPLIST_FILE = YES;
				INFOPLIST_FILE = MediTracker/Info.plist;
				INFOPLIST_KEY_NSCameraUsageDescription = "Please allow $(PRODUCT_NAME) to access camera";
				INFOPLIST_KEY_NSPhotoLibraryAddUsageDescription = "$(PRODUCT_NAME) wants to take image from your gallery.";
				"INFOPLIST_KEY_UIApplicationSceneManifest_Generation[sdk=iphoneos*]" = YES;
				"INFOPLIST_KEY_UIApplicationSceneManifest_Generation[sdk=iphonesimulator*]" = YES;
				"INFOPLIST_KEY_UIApplicationSupportsIndirectInputEvents[sdk=iphoneos*]" = YES;
				"INFOPLIST_KEY_UIApplicationSupportsIndirectInputEvents[sdk=iphonesimulator*]" = YES;
				"INFOPLIST_KEY_UILaunchScreen_Generation[sdk=iphoneos*]" = YES;
				"INFOPLIST_KEY_UILaunchScreen_Generation[sdk=iphonesimulator*]" = YES;
				"INFOPLIST_KEY_UIStatusBarStyle[sdk=iphoneos*]" = UIStatusBarStyleDefault;
				"INFOPLIST_KEY_UIStatusBarStyle[sdk=iphonesimulator*]" = UIStatusBarStyleDefault;
				INFOPLIST_KEY_UISupportedInterfaceOrientations_iPad = "UIInterfaceOrientationPortrait UIInterfaceOrientationPortraitUpsideDown UIInterfaceOrientationLandscapeLeft UIInterfaceOrientationLandscapeRight";
				INFOPLIST_KEY_UISupportedInterfaceOrientations_iPhone = UIInterfaceOrientationPortrait;
				INFOPLIST_KEY_UIUserInterfaceStyle = Light;
				IPHONEOS_DEPLOYMENT_TARGET = 16.1;
				LD_RUNPATH_SEARCH_PATHS = "@executable_path/Frameworks";
				"LD_RUNPATH_SEARCH_PATHS[sdk=macosx*]" = "@executable_path/../Frameworks";
				MACOSX_DEPLOYMENT_TARGET = 12.6;
				MARKETING_VERSION = 1.0;
				PRODUCT_BUNDLE_IDENTIFIER = com.blacenovas.MediTracker;
				PRODUCT_NAME = "$(TARGET_NAME)";
				PROVISIONING_PROFILE_SPECIFIER = "";
				SDKROOT = auto;
				SUPPORTED_PLATFORMS = "iphoneos iphonesimulator macosx";
				SWIFT_EMIT_LOC_STRINGS = YES;
				SWIFT_VERSION = 5.0;
				TARGETED_DEVICE_FAMILY = "1,2";
			};
			name = Debug;
		};
		04F7AC222945E1A400C6B479 /* Release */ = {
			isa = XCBuildConfiguration;
			buildSettings = {
				ASSETCATALOG_COMPILER_APPICON_NAME = AppIcon;
				ASSETCATALOG_COMPILER_GLOBAL_ACCENT_COLOR_NAME = AccentColor;
				CODE_SIGN_ENTITLEMENTS = MediTracker/MediTracker.entitlements;
				CODE_SIGN_IDENTITY = "Apple Development";
				CODE_SIGN_STYLE = Automatic;
				CURRENT_PROJECT_VERSION = 1;
				DEAD_CODE_STRIPPING = YES;
				DEVELOPMENT_ASSET_PATHS = "\"MediTracker/Preview Content\"";
				DEVELOPMENT_TEAM = YHZVJQ792Q;
				ENABLE_HARDENED_RUNTIME = YES;
				ENABLE_PREVIEWS = YES;
				GENERATE_INFOPLIST_FILE = YES;
				INFOPLIST_FILE = MediTracker/Info.plist;
				INFOPLIST_KEY_NSCameraUsageDescription = "Please allow $(PRODUCT_NAME) to access camera";
				INFOPLIST_KEY_NSPhotoLibraryAddUsageDescription = "$(PRODUCT_NAME) wants to take image from your gallery.";
				"INFOPLIST_KEY_UIApplicationSceneManifest_Generation[sdk=iphoneos*]" = YES;
				"INFOPLIST_KEY_UIApplicationSceneManifest_Generation[sdk=iphonesimulator*]" = YES;
				"INFOPLIST_KEY_UIApplicationSupportsIndirectInputEvents[sdk=iphoneos*]" = YES;
				"INFOPLIST_KEY_UIApplicationSupportsIndirectInputEvents[sdk=iphonesimulator*]" = YES;
				"INFOPLIST_KEY_UILaunchScreen_Generation[sdk=iphoneos*]" = YES;
				"INFOPLIST_KEY_UILaunchScreen_Generation[sdk=iphonesimulator*]" = YES;
				"INFOPLIST_KEY_UIStatusBarStyle[sdk=iphoneos*]" = UIStatusBarStyleDefault;
				"INFOPLIST_KEY_UIStatusBarStyle[sdk=iphonesimulator*]" = UIStatusBarStyleDefault;
				INFOPLIST_KEY_UISupportedInterfaceOrientations_iPad = "UIInterfaceOrientationPortrait UIInterfaceOrientationPortraitUpsideDown UIInterfaceOrientationLandscapeLeft UIInterfaceOrientationLandscapeRight";
				INFOPLIST_KEY_UISupportedInterfaceOrientations_iPhone = UIInterfaceOrientationPortrait;
				INFOPLIST_KEY_UIUserInterfaceStyle = Light;
				IPHONEOS_DEPLOYMENT_TARGET = 16.1;
				LD_RUNPATH_SEARCH_PATHS = "@executable_path/Frameworks";
				"LD_RUNPATH_SEARCH_PATHS[sdk=macosx*]" = "@executable_path/../Frameworks";
				MACOSX_DEPLOYMENT_TARGET = 12.6;
				MARKETING_VERSION = 1.0;
				PRODUCT_BUNDLE_IDENTIFIER = com.blacenovas.MediTracker;
				PRODUCT_NAME = "$(TARGET_NAME)";
				PROVISIONING_PROFILE_SPECIFIER = "";
				SDKROOT = auto;
				SUPPORTED_PLATFORMS = "iphoneos iphonesimulator macosx";
				SWIFT_EMIT_LOC_STRINGS = YES;
				SWIFT_VERSION = 5.0;
				TARGETED_DEVICE_FAMILY = "1,2";
			};
			name = Release;
		};
/* End XCBuildConfiguration section */

/* Begin XCConfigurationList section */
		04F7AC0C2945E19F00C6B479 /* Build configuration list for PBXProject "MediTracker" */ = {
			isa = XCConfigurationList;
			buildConfigurations = (
				04F7AC1E2945E1A400C6B479 /* Debug */,
				04F7AC1F2945E1A400C6B479 /* Release */,
			);
			defaultConfigurationIsVisible = 0;
			defaultConfigurationName = Release;
		};
		04F7AC202945E1A400C6B479 /* Build configuration list for PBXNativeTarget "MediTracker" */ = {
			isa = XCConfigurationList;
			buildConfigurations = (
				04F7AC212945E1A400C6B479 /* Debug */,
				04F7AC222945E1A400C6B479 /* Release */,
			);
			defaultConfigurationIsVisible = 0;
			defaultConfigurationName = Release;
		};
/* End XCConfigurationList section */

/* Begin XCRemoteSwiftPackageReference section */
		04124F162949EC58002F57E3 /* XCRemoteSwiftPackageReference "AwesomeNetworkPackage" */ = {
			isa = XCRemoteSwiftPackageReference;
			repositoryURL = "https://github.com/manasdevslopes/AwesomeNetworkPackage.git";
			requirement = {
				kind = upToNextMajorVersion;
				minimumVersion = 1.0.0;
			};
		};
		0457D444295C6D3B00145468 /* XCRemoteSwiftPackageReference "firebase-ios-sdk" */ = {
			isa = XCRemoteSwiftPackageReference;
			repositoryURL = "https://github.com/firebase/firebase-ios-sdk";
			requirement = {
				kind = upToNextMajorVersion;
				minimumVersion = 9.0.0;
			};
		};
		04CECAC62949E2C800A6E6F5 /* XCRemoteSwiftPackageReference "AwesomeToastPackage" */ = {
			isa = XCRemoteSwiftPackageReference;
			repositoryURL = "https://github.com/manasdevslopes/AwesomeToastPackage.git";
			requirement = {
				kind = upToNextMajorVersion;
				minimumVersion = 2.0.0;
			};
		};
		04EE705F294B95D800A64D10 /* XCRemoteSwiftPackageReference "lottie-ios" */ = {
			isa = XCRemoteSwiftPackageReference;
			repositoryURL = "https://github.com/airbnb/lottie-ios.git";
			requirement = {
				kind = upToNextMajorVersion;
				minimumVersion = 4.0.0;
			};
		};
/* End XCRemoteSwiftPackageReference section */

/* Begin XCSwiftPackageProductDependency section */
		04124F172949EC58002F57E3 /* AwesomeNetwork */ = {
			isa = XCSwiftPackageProductDependency;
			package = 04124F162949EC58002F57E3 /* XCRemoteSwiftPackageReference "AwesomeNetworkPackage" */;
			productName = AwesomeNetwork;
		};
		0457D445295C6D3B00145468 /* FirebaseAuth */ = {
			isa = XCSwiftPackageProductDependency;
			package = 0457D444295C6D3B00145468 /* XCRemoteSwiftPackageReference "firebase-ios-sdk" */;
			productName = FirebaseAuth;
		};
		0457D447295C6D3B00145468 /* FirebaseFirestore */ = {
			isa = XCSwiftPackageProductDependency;
			package = 0457D444295C6D3B00145468 /* XCRemoteSwiftPackageReference "firebase-ios-sdk" */;
			productName = FirebaseFirestore;
		};
		0457D449295C6D3B00145468 /* FirebaseFirestoreSwift */ = {
			isa = XCSwiftPackageProductDependency;
			package = 0457D444295C6D3B00145468 /* XCRemoteSwiftPackageReference "firebase-ios-sdk" */;
			productName = FirebaseFirestoreSwift;
		};
		0457D44B295C6D3B00145468 /* FirebaseStorage */ = {
			isa = XCSwiftPackageProductDependency;
			package = 0457D444295C6D3B00145468 /* XCRemoteSwiftPackageReference "firebase-ios-sdk" */;
			productName = FirebaseStorage;
		};
		0457D44D295C6D3B00145468 /* FirebaseStorageCombine-Community */ = {
			isa = XCSwiftPackageProductDependency;
			package = 0457D444295C6D3B00145468 /* XCRemoteSwiftPackageReference "firebase-ios-sdk" */;
			productName = "FirebaseStorageCombine-Community";
		};
		04CECAC72949E2C800A6E6F5 /* AwesomeToast */ = {
			isa = XCSwiftPackageProductDependency;
			package = 04CECAC62949E2C800A6E6F5 /* XCRemoteSwiftPackageReference "AwesomeToastPackage" */;
			productName = AwesomeToast;
		};
		04EE7060294B95D900A64D10 /* Lottie */ = {
			isa = XCSwiftPackageProductDependency;
			package = 04EE705F294B95D800A64D10 /* XCRemoteSwiftPackageReference "lottie-ios" */;
			productName = Lottie;
		};
/* End XCSwiftPackageProductDependency section */

/* Begin XCVersionGroup section */
		04A3365D2959C91C0070D745 /* ProfileContainer.xcdatamodeld */ = {
			isa = XCVersionGroup;
			children = (
				04A3365E2959C91C0070D745 /* ProfileContainer.xcdatamodel */,
			);
			currentVersion = 04A3365E2959C91C0070D745 /* ProfileContainer.xcdatamodel */;
			path = ProfileContainer.xcdatamodeld;
			sourceTree = "<group>";
			versionGroupType = wrapper.xcdatamodel;
		};
/* End XCVersionGroup section */
	};
	rootObject = 04F7AC092945E19F00C6B479 /* Project object */;
}
