// !$*UTF8*$!
{
	archiveVersion = 1;
	classes = {
	};
	objectVersion = 56;
	objects = {

/* Begin PBXBuildFile section */
		043E7E8B2948AD25005F4740 /* ColorExtensions.swift in Sources */ = {isa = PBXBuildFile; fileRef = 043E7E8A2948AD25005F4740 /* ColorExtensions.swift */; };
		043E7E8D2948E353005F4740 /* CountryCode.swift in Sources */ = {isa = PBXBuildFile; fileRef = 043E7E8C2948E353005F4740 /* CountryCode.swift */; };
		044AA224294890EC00EA04B4 /* RoundedCorners.swift in Sources */ = {isa = PBXBuildFile; fileRef = 044AA223294890EC00EA04B4 /* RoundedCorners.swift */; };
		04D37BD82945F84700EEF926 /* Login.swift in Sources */ = {isa = PBXBuildFile; fileRef = 04D37BD72945F84700EEF926 /* Login.swift */; };
		04D7F3F12945F192006C96E7 /* GoogleService-Info.plist in Resources */ = {isa = PBXBuildFile; fileRef = 04D7F3F02945F192006C96E7 /* GoogleService-Info.plist */; };
		04D7F3F52945F2AF006C96E7 /* FirebaseAuth in Frameworks */ = {isa = PBXBuildFile; productRef = 04D7F3F42945F2AF006C96E7 /* FirebaseAuth */; };
		04D7F3F72945F2AF006C96E7 /* FirebaseFirestore in Frameworks */ = {isa = PBXBuildFile; productRef = 04D7F3F62945F2AF006C96E7 /* FirebaseFirestore */; };
		04D7F3F92945F2AF006C96E7 /* FirebaseStorage in Frameworks */ = {isa = PBXBuildFile; productRef = 04D7F3F82945F2AF006C96E7 /* FirebaseStorage */; };
		04F7AC152945E1A000C6B479 /* MediTrackerApp.swift in Sources */ = {isa = PBXBuildFile; fileRef = 04F7AC142945E1A000C6B479 /* MediTrackerApp.swift */; };
		04F7AC172945E1A000C6B479 /* ContentView.swift in Sources */ = {isa = PBXBuildFile; fileRef = 04F7AC162945E1A000C6B479 /* ContentView.swift */; };
		04F7AC192945E1A400C6B479 /* Assets.xcassets in Resources */ = {isa = PBXBuildFile; fileRef = 04F7AC182945E1A400C6B479 /* Assets.xcassets */; };
		04F7AC1D2945E1A400C6B479 /* Preview Assets.xcassets in Resources */ = {isa = PBXBuildFile; fileRef = 04F7AC1C2945E1A400C6B479 /* Preview Assets.xcassets */; };
		04F7AC272945E2A800C6B479 /* Verification.swift in Sources */ = {isa = PBXBuildFile; fileRef = 04F7AC262945E2A800C6B479 /* Verification.swift */; };
		04F7AC2A2945E40800C6B479 /* OTPViewModel.swift in Sources */ = {isa = PBXBuildFile; fileRef = 04F7AC292945E40800C6B479 /* OTPViewModel.swift */; };
/* End PBXBuildFile section */

/* Begin PBXFileReference section */
		043E7E8A2948AD25005F4740 /* ColorExtensions.swift */ = {isa = PBXFileReference; lastKnownFileType = sourcecode.swift; path = ColorExtensions.swift; sourceTree = "<group>"; };
		043E7E8C2948E353005F4740 /* CountryCode.swift */ = {isa = PBXFileReference; lastKnownFileType = sourcecode.swift; path = CountryCode.swift; sourceTree = "<group>"; };
		044AA223294890EC00EA04B4 /* RoundedCorners.swift */ = {isa = PBXFileReference; lastKnownFileType = sourcecode.swift; path = RoundedCorners.swift; sourceTree = "<group>"; };
		04D37BD72945F84700EEF926 /* Login.swift */ = {isa = PBXFileReference; lastKnownFileType = sourcecode.swift; path = Login.swift; sourceTree = "<group>"; };
		04D7F3F02945F192006C96E7 /* GoogleService-Info.plist */ = {isa = PBXFileReference; fileEncoding = 4; lastKnownFileType = text.plist.xml; path = "GoogleService-Info.plist"; sourceTree = "<group>"; };
		04D7F3F22945F1CC006C96E7 /* Info.plist */ = {isa = PBXFileReference; lastKnownFileType = text.plist; path = Info.plist; sourceTree = "<group>"; };
		04F7AC112945E19F00C6B479 /* MediTracker.app */ = {isa = PBXFileReference; explicitFileType = wrapper.application; includeInIndex = 0; path = MediTracker.app; sourceTree = BUILT_PRODUCTS_DIR; };
		04F7AC142945E1A000C6B479 /* MediTrackerApp.swift */ = {isa = PBXFileReference; lastKnownFileType = sourcecode.swift; path = MediTrackerApp.swift; sourceTree = "<group>"; };
		04F7AC162945E1A000C6B479 /* ContentView.swift */ = {isa = PBXFileReference; lastKnownFileType = sourcecode.swift; path = ContentView.swift; sourceTree = "<group>"; };
		04F7AC182945E1A400C6B479 /* Assets.xcassets */ = {isa = PBXFileReference; lastKnownFileType = folder.assetcatalog; path = Assets.xcassets; sourceTree = "<group>"; };
		04F7AC1A2945E1A400C6B479 /* MediTracker.entitlements */ = {isa = PBXFileReference; lastKnownFileType = text.plist.entitlements; path = MediTracker.entitlements; sourceTree = "<group>"; };
		04F7AC1C2945E1A400C6B479 /* Preview Assets.xcassets */ = {isa = PBXFileReference; lastKnownFileType = folder.assetcatalog; path = "Preview Assets.xcassets"; sourceTree = "<group>"; };
		04F7AC262945E2A800C6B479 /* Verification.swift */ = {isa = PBXFileReference; lastKnownFileType = sourcecode.swift; path = Verification.swift; sourceTree = "<group>"; };
		04F7AC292945E40800C6B479 /* OTPViewModel.swift */ = {isa = PBXFileReference; lastKnownFileType = sourcecode.swift; path = OTPViewModel.swift; sourceTree = "<group>"; };
/* End PBXFileReference section */

/* Begin PBXFrameworksBuildPhase section */
		04F7AC0E2945E19F00C6B479 /* Frameworks */ = {
			isa = PBXFrameworksBuildPhase;
			buildActionMask = 2147483647;
			files = (
				04D7F3F52945F2AF006C96E7 /* FirebaseAuth in Frameworks */,
				04D7F3F72945F2AF006C96E7 /* FirebaseFirestore in Frameworks */,
				04D7F3F92945F2AF006C96E7 /* FirebaseStorage in Frameworks */,
			);
			runOnlyForDeploymentPostprocessing = 0;
		};
/* End PBXFrameworksBuildPhase section */

/* Begin PBXGroup section */
		04122D312948606900B3760B /* Model */ = {
			isa = PBXGroup;
			children = (
				043E7E8C2948E353005F4740 /* CountryCode.swift */,
			);
			path = Model;
			sourceTree = "<group>";
		};
		043E7E892948AD00005F4740 /* Extensions */ = {
			isa = PBXGroup;
			children = (
				043E7E8A2948AD25005F4740 /* ColorExtensions.swift */,
			);
			path = Extensions;
			sourceTree = "<group>";
		};
		044AA221294890CF00EA04B4 /* Utils */ = {
			isa = PBXGroup;
			children = (
				044AA222294890D800EA04B4 /* Shapes */,
			);
			path = Utils;
			sourceTree = "<group>";
		};
		044AA222294890D800EA04B4 /* Shapes */ = {
			isa = PBXGroup;
			children = (
				044AA223294890EC00EA04B4 /* RoundedCorners.swift */,
			);
			path = Shapes;
			sourceTree = "<group>";
		};
		04F7AC082945E19F00C6B479 = {
			isa = PBXGroup;
			children = (
				04F7AC132945E19F00C6B479 /* MediTracker */,
				04F7AC122945E19F00C6B479 /* Products */,
			);
			sourceTree = "<group>";
		};
		04F7AC122945E19F00C6B479 /* Products */ = {
			isa = PBXGroup;
			children = (
				04F7AC112945E19F00C6B479 /* MediTracker.app */,
			);
			name = Products;
			sourceTree = "<group>";
		};
		04F7AC132945E19F00C6B479 /* MediTracker */ = {
			isa = PBXGroup;
			children = (
				04D7F3F22945F1CC006C96E7 /* Info.plist */,
				044AA221294890CF00EA04B4 /* Utils */,
				043E7E892948AD00005F4740 /* Extensions */,
				04122D312948606900B3760B /* Model */,
				04F7AC232945E26300C6B479 /* View */,
				04F7AC282945E3EC00C6B479 /* ViewModel */,
				04F7AC142945E1A000C6B479 /* MediTrackerApp.swift */,
				04F7AC162945E1A000C6B479 /* ContentView.swift */,
				04F7AC182945E1A400C6B479 /* Assets.xcassets */,
				04F7AC1A2945E1A400C6B479 /* MediTracker.entitlements */,
				04D7F3F02945F192006C96E7 /* GoogleService-Info.plist */,
				04F7AC1B2945E1A400C6B479 /* Preview Content */,
			);
			path = MediTracker;
			sourceTree = "<group>";
		};
		04F7AC1B2945E1A400C6B479 /* Preview Content */ = {
			isa = PBXGroup;
			children = (
				04F7AC1C2945E1A400C6B479 /* Preview Assets.xcassets */,
			);
			path = "Preview Content";
			sourceTree = "<group>";
		};
		04F7AC232945E26300C6B479 /* View */ = {
			isa = PBXGroup;
			children = (
				04F7AC262945E2A800C6B479 /* Verification.swift */,
				04D37BD72945F84700EEF926 /* Login.swift */,
			);
			path = View;
			sourceTree = "<group>";
		};
		04F7AC282945E3EC00C6B479 /* ViewModel */ = {
			isa = PBXGroup;
			children = (
				04F7AC292945E40800C6B479 /* OTPViewModel.swift */,
			);
			path = ViewModel;
			sourceTree = "<group>";
		};
/* End PBXGroup section */

/* Begin PBXNativeTarget section */
		04F7AC102945E19F00C6B479 /* MediTracker */ = {
			isa = PBXNativeTarget;
			buildConfigurationList = 04F7AC202945E1A400C6B479 /* Build configuration list for PBXNativeTarget "MediTracker" */;
			buildPhases = (
				04F7AC0D2945E19F00C6B479 /* Sources */,
				04F7AC0E2945E19F00C6B479 /* Frameworks */,
				04F7AC0F2945E19F00C6B479 /* Resources */,
			);
			buildRules = (
			);
			dependencies = (
			);
			name = MediTracker;
			packageProductDependencies = (
				04D7F3F42945F2AF006C96E7 /* FirebaseAuth */,
				04D7F3F62945F2AF006C96E7 /* FirebaseFirestore */,
				04D7F3F82945F2AF006C96E7 /* FirebaseStorage */,
			);
			productName = MediTracker;
			productReference = 04F7AC112945E19F00C6B479 /* MediTracker.app */;
			productType = "com.apple.product-type.application";
		};
/* End PBXNativeTarget section */

/* Begin PBXProject section */
		04F7AC092945E19F00C6B479 /* Project object */ = {
			isa = PBXProject;
			attributes = {
				BuildIndependentTargetsInParallel = 1;
				LastSwiftUpdateCheck = 1410;
				LastUpgradeCheck = 1410;
				TargetAttributes = {
					04F7AC102945E19F00C6B479 = {
						CreatedOnToolsVersion = 14.1;
					};
				};
			};
			buildConfigurationList = 04F7AC0C2945E19F00C6B479 /* Build configuration list for PBXProject "MediTracker" */;
			compatibilityVersion = "Xcode 14.0";
			developmentRegion = en;
			hasScannedForEncodings = 0;
			knownRegions = (
				en,
				Base,
			);
			mainGroup = 04F7AC082945E19F00C6B479;
			packageReferences = (
				04D7F3F32945F2AF006C96E7 /* XCRemoteSwiftPackageReference "firebase-ios-sdk" */,
			);
			productRefGroup = 04F7AC122945E19F00C6B479 /* Products */;
			projectDirPath = "";
			projectRoot = "";
			targets = (
				04F7AC102945E19F00C6B479 /* MediTracker */,
			);
		};
/* End PBXProject section */

/* Begin PBXResourcesBuildPhase section */
		04F7AC0F2945E19F00C6B479 /* Resources */ = {
			isa = PBXResourcesBuildPhase;
			buildActionMask = 2147483647;
			files = (
				04F7AC1D2945E1A400C6B479 /* Preview Assets.xcassets in Resources */,
				04F7AC192945E1A400C6B479 /* Assets.xcassets in Resources */,
				04D7F3F12945F192006C96E7 /* GoogleService-Info.plist in Resources */,
			);
			runOnlyForDeploymentPostprocessing = 0;
		};
/* End PBXResourcesBuildPhase section */

/* Begin PBXSourcesBuildPhase section */
		04F7AC0D2945E19F00C6B479 /* Sources */ = {
			isa = PBXSourcesBuildPhase;
			buildActionMask = 2147483647;
			files = (
				04F7AC2A2945E40800C6B479 /* OTPViewModel.swift in Sources */,
				04D37BD82945F84700EEF926 /* Login.swift in Sources */,
				04F7AC272945E2A800C6B479 /* Verification.swift in Sources */,
				043E7E8D2948E353005F4740 /* CountryCode.swift in Sources */,
				04F7AC172945E1A000C6B479 /* ContentView.swift in Sources */,
				044AA224294890EC00EA04B4 /* RoundedCorners.swift in Sources */,
				04F7AC152945E1A000C6B479 /* MediTrackerApp.swift in Sources */,
				043E7E8B2948AD25005F4740 /* ColorExtensions.swift in Sources */,
			);
			runOnlyForDeploymentPostprocessing = 0;
		};
/* End PBXSourcesBuildPhase section */

/* Begin XCBuildConfiguration section */
		04F7AC1E2945E1A400C6B479 /* Debug */ = {
			isa = XCBuildConfiguration;
			buildSettings = {
				ALWAYS_SEARCH_USER_PATHS = NO;
				CLANG_ANALYZER_NONNULL = YES;
				CLANG_ANALYZER_NUMBER_OBJECT_CONVERSION = YES_AGGRESSIVE;
				CLANG_CXX_LANGUAGE_STANDARD = "gnu++20";
				CLANG_ENABLE_MODULES = YES;
				CLANG_ENABLE_OBJC_ARC = YES;
				CLANG_ENABLE_OBJC_WEAK = YES;
				CLANG_WARN_BLOCK_CAPTURE_AUTORELEASING = YES;
				CLANG_WARN_BOOL_CONVERSION = YES;
				CLANG_WARN_COMMA = YES;
				CLANG_WARN_CONSTANT_CONVERSION = YES;
				CLANG_WARN_DEPRECATED_OBJC_IMPLEMENTATIONS = YES;
				CLANG_WARN_DIRECT_OBJC_ISA_USAGE = YES_ERROR;
				CLANG_WARN_DOCUMENTATION_COMMENTS = YES;
				CLANG_WARN_EMPTY_BODY = YES;
				CLANG_WARN_ENUM_CONVERSION = YES;
				CLANG_WARN_INFINITE_RECURSION = YES;
				CLANG_WARN_INT_CONVERSION = YES;
				CLANG_WARN_NON_LITERAL_NULL_CONVERSION = YES;
				CLANG_WARN_OBJC_IMPLICIT_RETAIN_SELF = YES;
				CLANG_WARN_OBJC_LITERAL_CONVERSION = YES;
				CLANG_WARN_OBJC_ROOT_CLASS = YES_ERROR;
				CLANG_WARN_QUOTED_INCLUDE_IN_FRAMEWORK_HEADER = YES;
				CLANG_WARN_RANGE_LOOP_ANALYSIS = YES;
				CLANG_WARN_STRICT_PROTOTYPES = YES;
				CLANG_WARN_SUSPICIOUS_MOVE = YES;
				CLANG_WARN_UNGUARDED_AVAILABILITY = YES_AGGRESSIVE;
				CLANG_WARN_UNREACHABLE_CODE = YES;
				CLANG_WARN__DUPLICATE_METHOD_MATCH = YES;
				COPY_PHASE_STRIP = NO;
				DEBUG_INFORMATION_FORMAT = dwarf;
				ENABLE_STRICT_OBJC_MSGSEND = YES;
				ENABLE_TESTABILITY = YES;
				GCC_C_LANGUAGE_STANDARD = gnu11;
				GCC_DYNAMIC_NO_PIC = NO;
				GCC_NO_COMMON_BLOCKS = YES;
				GCC_OPTIMIZATION_LEVEL = 0;
				GCC_PREPROCESSOR_DEFINITIONS = (
					"DEBUG=1",
					"$(inherited)",
				);
				GCC_WARN_64_TO_32_BIT_CONVERSION = YES;
				GCC_WARN_ABOUT_RETURN_TYPE = YES_ERROR;
				GCC_WARN_UNDECLARED_SELECTOR = YES;
				GCC_WARN_UNINITIALIZED_AUTOS = YES_AGGRESSIVE;
				GCC_WARN_UNUSED_FUNCTION = YES;
				GCC_WARN_UNUSED_VARIABLE = YES;
				MTL_ENABLE_DEBUG_INFO = INCLUDE_SOURCE;
				MTL_FAST_MATH = YES;
				ONLY_ACTIVE_ARCH = YES;
				SWIFT_ACTIVE_COMPILATION_CONDITIONS = DEBUG;
				SWIFT_OPTIMIZATION_LEVEL = "-Onone";
			};
			name = Debug;
		};
		04F7AC1F2945E1A400C6B479 /* Release */ = {
			isa = XCBuildConfiguration;
			buildSettings = {
				ALWAYS_SEARCH_USER_PATHS = NO;
				CLANG_ANALYZER_NONNULL = YES;
				CLANG_ANALYZER_NUMBER_OBJECT_CONVERSION = YES_AGGRESSIVE;
				CLANG_CXX_LANGUAGE_STANDARD = "gnu++20";
				CLANG_ENABLE_MODULES = YES;
				CLANG_ENABLE_OBJC_ARC = YES;
				CLANG_ENABLE_OBJC_WEAK = YES;
				CLANG_WARN_BLOCK_CAPTURE_AUTORELEASING = YES;
				CLANG_WARN_BOOL_CONVERSION = YES;
				CLANG_WARN_COMMA = YES;
				CLANG_WARN_CONSTANT_CONVERSION = YES;
				CLANG_WARN_DEPRECATED_OBJC_IMPLEMENTATIONS = YES;
				CLANG_WARN_DIRECT_OBJC_ISA_USAGE = YES_ERROR;
				CLANG_WARN_DOCUMENTATION_COMMENTS = YES;
				CLANG_WARN_EMPTY_BODY = YES;
				CLANG_WARN_ENUM_CONVERSION = YES;
				CLANG_WARN_INFINITE_RECURSION = YES;
				CLANG_WARN_INT_CONVERSION = YES;
				CLANG_WARN_NON_LITERAL_NULL_CONVERSION = YES;
				CLANG_WARN_OBJC_IMPLICIT_RETAIN_SELF = YES;
				CLANG_WARN_OBJC_LITERAL_CONVERSION = YES;
				CLANG_WARN_OBJC_ROOT_CLASS = YES_ERROR;
				CLANG_WARN_QUOTED_INCLUDE_IN_FRAMEWORK_HEADER = YES;
				CLANG_WARN_RANGE_LOOP_ANALYSIS = YES;
				CLANG_WARN_STRICT_PROTOTYPES = YES;
				CLANG_WARN_SUSPICIOUS_MOVE = YES;
				CLANG_WARN_UNGUARDED_AVAILABILITY = YES_AGGRESSIVE;
				CLANG_WARN_UNREACHABLE_CODE = YES;
				CLANG_WARN__DUPLICATE_METHOD_MATCH = YES;
				COPY_PHASE_STRIP = NO;
				DEBUG_INFORMATION_FORMAT = "dwarf-with-dsym";
				ENABLE_NS_ASSERTIONS = NO;
				ENABLE_STRICT_OBJC_MSGSEND = YES;
				GCC_C_LANGUAGE_STANDARD = gnu11;
				GCC_NO_COMMON_BLOCKS = YES;
				GCC_WARN_64_TO_32_BIT_CONVERSION = YES;
				GCC_WARN_ABOUT_RETURN_TYPE = YES_ERROR;
				GCC_WARN_UNDECLARED_SELECTOR = YES;
				GCC_WARN_UNINITIALIZED_AUTOS = YES_AGGRESSIVE;
				GCC_WARN_UNUSED_FUNCTION = YES;
				GCC_WARN_UNUSED_VARIABLE = YES;
				MTL_ENABLE_DEBUG_INFO = NO;
				MTL_FAST_MATH = YES;
				SWIFT_COMPILATION_MODE = wholemodule;
				SWIFT_OPTIMIZATION_LEVEL = "-O";
			};
			name = Release;
		};
		04F7AC212945E1A400C6B479 /* Debug */ = {
			isa = XCBuildConfiguration;
			buildSettings = {
				ASSETCATALOG_COMPILER_APPICON_NAME = AppIcon;
				ASSETCATALOG_COMPILER_GLOBAL_ACCENT_COLOR_NAME = AccentColor;
				CODE_SIGN_ENTITLEMENTS = MediTracker/MediTracker.entitlements;
				CODE_SIGN_STYLE = Automatic;
				CURRENT_PROJECT_VERSION = 1;
				DEVELOPMENT_ASSET_PATHS = "\"MediTracker/Preview Content\"";
				DEVELOPMENT_TEAM = YHZVJQ792Q;
				ENABLE_HARDENED_RUNTIME = YES;
				ENABLE_PREVIEWS = YES;
				GENERATE_INFOPLIST_FILE = YES;
				INFOPLIST_FILE = MediTracker/Info.plist;
				"INFOPLIST_KEY_UIApplicationSceneManifest_Generation[sdk=iphoneos*]" = YES;
				"INFOPLIST_KEY_UIApplicationSceneManifest_Generation[sdk=iphonesimulator*]" = YES;
				"INFOPLIST_KEY_UIApplicationSupportsIndirectInputEvents[sdk=iphoneos*]" = YES;
				"INFOPLIST_KEY_UIApplicationSupportsIndirectInputEvents[sdk=iphonesimulator*]" = YES;
				"INFOPLIST_KEY_UILaunchScreen_Generation[sdk=iphoneos*]" = YES;
				"INFOPLIST_KEY_UILaunchScreen_Generation[sdk=iphonesimulator*]" = YES;
				"INFOPLIST_KEY_UIStatusBarStyle[sdk=iphoneos*]" = UIStatusBarStyleDefault;
				"INFOPLIST_KEY_UIStatusBarStyle[sdk=iphonesimulator*]" = UIStatusBarStyleDefault;
				INFOPLIST_KEY_UISupportedInterfaceOrientations_iPad = "UIInterfaceOrientationPortrait UIInterfaceOrientationPortraitUpsideDown UIInterfaceOrientationLandscapeLeft UIInterfaceOrientationLandscapeRight";
				INFOPLIST_KEY_UISupportedInterfaceOrientations_iPhone = "UIInterfaceOrientationPortrait UIInterfaceOrientationLandscapeLeft UIInterfaceOrientationLandscapeRight";
				IPHONEOS_DEPLOYMENT_TARGET = 16.1;
				LD_RUNPATH_SEARCH_PATHS = "@executable_path/Frameworks";
				"LD_RUNPATH_SEARCH_PATHS[sdk=macosx*]" = "@executable_path/../Frameworks";
				MACOSX_DEPLOYMENT_TARGET = 12.6;
				MARKETING_VERSION = 1.0;
				PRODUCT_BUNDLE_IDENTIFIER = blacenova.MediTracker;
				PRODUCT_NAME = "$(TARGET_NAME)";
				SDKROOT = auto;
				SUPPORTED_PLATFORMS = "iphoneos iphonesimulator macosx";
				SWIFT_EMIT_LOC_STRINGS = YES;
				SWIFT_VERSION = 5.0;
				TARGETED_DEVICE_FAMILY = "1,2";
			};
			name = Debug;
		};
		04F7AC222945E1A400C6B479 /* Release */ = {
			isa = XCBuildConfiguration;
			buildSettings = {
				ASSETCATALOG_COMPILER_APPICON_NAME = AppIcon;
				ASSETCATALOG_COMPILER_GLOBAL_ACCENT_COLOR_NAME = AccentColor;
				CODE_SIGN_ENTITLEMENTS = MediTracker/MediTracker.entitlements;
				CODE_SIGN_STYLE = Automatic;
				CURRENT_PROJECT_VERSION = 1;
				DEVELOPMENT_ASSET_PATHS = "\"MediTracker/Preview Content\"";
				DEVELOPMENT_TEAM = YHZVJQ792Q;
				ENABLE_HARDENED_RUNTIME = YES;
				ENABLE_PREVIEWS = YES;
				GENERATE_INFOPLIST_FILE = YES;
				INFOPLIST_FILE = MediTracker/Info.plist;
				"INFOPLIST_KEY_UIApplicationSceneManifest_Generation[sdk=iphoneos*]" = YES;
				"INFOPLIST_KEY_UIApplicationSceneManifest_Generation[sdk=iphonesimulator*]" = YES;
				"INFOPLIST_KEY_UIApplicationSupportsIndirectInputEvents[sdk=iphoneos*]" = YES;
				"INFOPLIST_KEY_UIApplicationSupportsIndirectInputEvents[sdk=iphonesimulator*]" = YES;
				"INFOPLIST_KEY_UILaunchScreen_Generation[sdk=iphoneos*]" = YES;
				"INFOPLIST_KEY_UILaunchScreen_Generation[sdk=iphonesimulator*]" = YES;
				"INFOPLIST_KEY_UIStatusBarStyle[sdk=iphoneos*]" = UIStatusBarStyleDefault;
				"INFOPLIST_KEY_UIStatusBarStyle[sdk=iphonesimulator*]" = UIStatusBarStyleDefault;
				INFOPLIST_KEY_UISupportedInterfaceOrientations_iPad = "UIInterfaceOrientationPortrait UIInterfaceOrientationPortraitUpsideDown UIInterfaceOrientationLandscapeLeft UIInterfaceOrientationLandscapeRight";
				INFOPLIST_KEY_UISupportedInterfaceOrientations_iPhone = "UIInterfaceOrientationPortrait UIInterfaceOrientationLandscapeLeft UIInterfaceOrientationLandscapeRight";
				IPHONEOS_DEPLOYMENT_TARGET = 16.1;
				LD_RUNPATH_SEARCH_PATHS = "@executable_path/Frameworks";
				"LD_RUNPATH_SEARCH_PATHS[sdk=macosx*]" = "@executable_path/../Frameworks";
				MACOSX_DEPLOYMENT_TARGET = 12.6;
				MARKETING_VERSION = 1.0;
				PRODUCT_BUNDLE_IDENTIFIER = blacenova.MediTracker;
				PRODUCT_NAME = "$(TARGET_NAME)";
				SDKROOT = auto;
				SUPPORTED_PLATFORMS = "iphoneos iphonesimulator macosx";
				SWIFT_EMIT_LOC_STRINGS = YES;
				SWIFT_VERSION = 5.0;
				TARGETED_DEVICE_FAMILY = "1,2";
			};
			name = Release;
		};
/* End XCBuildConfiguration section */

/* Begin XCConfigurationList section */
		04F7AC0C2945E19F00C6B479 /* Build configuration list for PBXProject "MediTracker" */ = {
			isa = XCConfigurationList;
			buildConfigurations = (
				04F7AC1E2945E1A400C6B479 /* Debug */,
				04F7AC1F2945E1A400C6B479 /* Release */,
			);
			defaultConfigurationIsVisible = 0;
			defaultConfigurationName = Release;
		};
		04F7AC202945E1A400C6B479 /* Build configuration list for PBXNativeTarget "MediTracker" */ = {
			isa = XCConfigurationList;
			buildConfigurations = (
				04F7AC212945E1A400C6B479 /* Debug */,
				04F7AC222945E1A400C6B479 /* Release */,
			);
			defaultConfigurationIsVisible = 0;
			defaultConfigurationName = Release;
		};
/* End XCConfigurationList section */

/* Begin XCRemoteSwiftPackageReference section */
		04D7F3F32945F2AF006C96E7 /* XCRemoteSwiftPackageReference "firebase-ios-sdk" */ = {
			isa = XCRemoteSwiftPackageReference;
			repositoryURL = "https://github.com/firebase/firebase-ios-sdk";
			requirement = {
				kind = upToNextMajorVersion;
				minimumVersion = 9.0.0;
			};
		};
/* End XCRemoteSwiftPackageReference section */

/* Begin XCSwiftPackageProductDependency section */
		04D7F3F42945F2AF006C96E7 /* FirebaseAuth */ = {
			isa = XCSwiftPackageProductDependency;
			package = 04D7F3F32945F2AF006C96E7 /* XCRemoteSwiftPackageReference "firebase-ios-sdk" */;
			productName = FirebaseAuth;
		};
		04D7F3F62945F2AF006C96E7 /* FirebaseFirestore */ = {
			isa = XCSwiftPackageProductDependency;
			package = 04D7F3F32945F2AF006C96E7 /* XCRemoteSwiftPackageReference "firebase-ios-sdk" */;
			productName = FirebaseFirestore;
		};
		04D7F3F82945F2AF006C96E7 /* FirebaseStorage */ = {
			isa = XCSwiftPackageProductDependency;
			package = 04D7F3F32945F2AF006C96E7 /* XCRemoteSwiftPackageReference "firebase-ios-sdk" */;
			productName = FirebaseStorage;
		};
/* End XCSwiftPackageProductDependency section */
	};
	rootObject = 04F7AC092945E19F00C6B479 /* Project object */;
}
